// !$*UTF8*$!
{
	archiveVersion = 1;
	classes = {
	};
	objectVersion = 55;
	objects = {

/* Begin PBXBuildFile section */
		D056D15A27EFB4D6005B6F16 /* AppDelegate.swift in Sources */ = {isa = PBXBuildFile; fileRef = D056D15927EFB4D6005B6F16 /* AppDelegate.swift */; };
		D056D15C27EFB4D6005B6F16 /* SceneDelegate.swift in Sources */ = {isa = PBXBuildFile; fileRef = D056D15B27EFB4D6005B6F16 /* SceneDelegate.swift */; };
		D056D15E27EFB4D6005B6F16 /* ViewController.swift in Sources */ = {isa = PBXBuildFile; fileRef = D056D15D27EFB4D6005B6F16 /* ViewController.swift */; };
		D056D16127EFB4D6005B6F16 /* Main.storyboard in Resources */ = {isa = PBXBuildFile; fileRef = D056D15F27EFB4D6005B6F16 /* Main.storyboard */; };
		D056D16327EFB4D8005B6F16 /* Assets.xcassets in Resources */ = {isa = PBXBuildFile; fileRef = D056D16227EFB4D8005B6F16 /* Assets.xcassets */; };
		D056D16627EFB4D8005B6F16 /* LaunchScreen.storyboard in Resources */ = {isa = PBXBuildFile; fileRef = D056D16427EFB4D8005B6F16 /* LaunchScreen.storyboard */; };
		D056D16E27EFBD6D005B6F16 /* Drinks.plist in Resources */ = {isa = PBXBuildFile; fileRef = D056D16D27EFBD6D005B6F16 /* Drinks.plist */; };
		D056D17027EFCD82005B6F16 /* DelaGothicOne-Regular.ttf in Resources */ = {isa = PBXBuildFile; fileRef = D056D16F27EFCD81005B6F16 /* DelaGothicOne-Regular.ttf */; };
		D056D17227EFD32A005B6F16 /* TableViewController.swift in Sources */ = {isa = PBXBuildFile; fileRef = D056D17127EFD329005B6F16 /* TableViewController.swift */; };
		D0EDA6D527FDF59A00AC2A9C /* CoreData.framework in Frameworks */ = {isa = PBXBuildFile; fileRef = D0EDA6D427FDF59A00AC2A9C /* CoreData.framework */; };
		D0EDA6D827FDF6E600AC2A9C /* erickayalapractica3.xcdatamodeld in Sources */ = {isa = PBXBuildFile; fileRef = D0EDA6D627FDF6E600AC2A9C /* erickayalapractica3.xcdatamodeld */; };
		D0EDA6DB27FDF89800AC2A9C /* Drink+CoreDataClass.swift in Sources */ = {isa = PBXBuildFile; fileRef = D0EDA6D927FDF89800AC2A9C /* Drink+CoreDataClass.swift */; };
		D0EDA6DC27FDF89800AC2A9C /* Drink+CoreDataProperties.swift in Sources */ = {isa = PBXBuildFile; fileRef = D0EDA6DA27FDF89800AC2A9C /* Drink+CoreDataProperties.swift */; };
		D0EDA6DE27FE191A00AC2A9C /* AddDrinkViewController.swift in Sources */ = {isa = PBXBuildFile; fileRef = D0EDA6DD27FE191A00AC2A9C /* AddDrinkViewController.swift */; };
		D0F2C8C42853FCD00073A8BF /* FirebaseAuth in Frameworks */ = {isa = PBXBuildFile; productRef = D0F2C8C32853FCD00073A8BF /* FirebaseAuth */; };
		D0F2C8C62853FD850073A8BF /* GoogleService-Info.plist in Resources */ = {isa = PBXBuildFile; fileRef = D0F2C8C52853FD850073A8BF /* GoogleService-Info.plist */; };
		D0F2C8C82853FED60073A8BF /* LoginViewController.swift in Sources */ = {isa = PBXBuildFile; fileRef = D0F2C8C72853FED60073A8BF /* LoginViewController.swift */; };
		D0F2C8CA285429BD0073A8BF /* AVFoundation.framework in Frameworks */ = {isa = PBXBuildFile; fileRef = D0F2C8C9285429BD0073A8BF /* AVFoundation.framework */; };
		D0F2C8CC285429C90073A8BF /* Photos.framework in Frameworks */ = {isa = PBXBuildFile; fileRef = D0F2C8CB285429C80073A8BF /* Photos.framework */; };
		D0F2C8CE28542AF40073A8BF /* AlbumDrinks.swift in Sources */ = {isa = PBXBuildFile; fileRef = D0F2C8CD28542AF40073A8BF /* AlbumDrinks.swift */; };
/* End PBXBuildFile section */

/* Begin PBXFileReference section */
		D056D15627EFB4D6005B6F16 /* erickayalapractica3.app */ = {isa = PBXFileReference; explicitFileType = wrapper.application; includeInIndex = 0; path = erickayalapractica3.app; sourceTree = BUILT_PRODUCTS_DIR; };
		D056D15927EFB4D6005B6F16 /* AppDelegate.swift */ = {isa = PBXFileReference; lastKnownFileType = sourcecode.swift; path = AppDelegate.swift; sourceTree = "<group>"; };
		D056D15B27EFB4D6005B6F16 /* SceneDelegate.swift */ = {isa = PBXFileReference; lastKnownFileType = sourcecode.swift; path = SceneDelegate.swift; sourceTree = "<group>"; };
		D056D15D27EFB4D6005B6F16 /* ViewController.swift */ = {isa = PBXFileReference; lastKnownFileType = sourcecode.swift; path = ViewController.swift; sourceTree = "<group>"; };
		D056D16027EFB4D6005B6F16 /* Base */ = {isa = PBXFileReference; lastKnownFileType = file.storyboard; name = Base; path = Base.lproj/Main.storyboard; sourceTree = "<group>"; };
		D056D16227EFB4D8005B6F16 /* Assets.xcassets */ = {isa = PBXFileReference; lastKnownFileType = folder.assetcatalog; path = Assets.xcassets; sourceTree = "<group>"; };
		D056D16527EFB4D8005B6F16 /* Base */ = {isa = PBXFileReference; lastKnownFileType = file.storyboard; name = Base; path = Base.lproj/LaunchScreen.storyboard; sourceTree = "<group>"; };
		D056D16727EFB4D8005B6F16 /* Info.plist */ = {isa = PBXFileReference; lastKnownFileType = text.plist.xml; path = Info.plist; sourceTree = "<group>"; };
		D056D16D27EFBD6D005B6F16 /* Drinks.plist */ = {isa = PBXFileReference; fileEncoding = 4; lastKnownFileType = text.plist.xml; path = Drinks.plist; sourceTree = "<group>"; };
		D056D16F27EFCD81005B6F16 /* DelaGothicOne-Regular.ttf */ = {isa = PBXFileReference; lastKnownFileType = file; path = "DelaGothicOne-Regular.ttf"; sourceTree = "<group>"; };
		D056D17127EFD329005B6F16 /* TableViewController.swift */ = {isa = PBXFileReference; lastKnownFileType = sourcecode.swift; path = TableViewController.swift; sourceTree = "<group>"; };
		D0EDA6D427FDF59A00AC2A9C /* CoreData.framework */ = {isa = PBXFileReference; lastKnownFileType = wrapper.framework; name = CoreData.framework; path = System/Library/Frameworks/CoreData.framework; sourceTree = SDKROOT; };
		D0EDA6D727FDF6E600AC2A9C /* erickayalapractica3.xcdatamodel */ = {isa = PBXFileReference; lastKnownFileType = wrapper.xcdatamodel; path = erickayalapractica3.xcdatamodel; sourceTree = "<group>"; };
		D0EDA6D927FDF89800AC2A9C /* Drink+CoreDataClass.swift */ = {isa = PBXFileReference; lastKnownFileType = sourcecode.swift; path = "Drink+CoreDataClass.swift"; sourceTree = SOURCE_ROOT; };
		D0EDA6DA27FDF89800AC2A9C /* Drink+CoreDataProperties.swift */ = {isa = PBXFileReference; lastKnownFileType = sourcecode.swift; path = "Drink+CoreDataProperties.swift"; sourceTree = SOURCE_ROOT; };
		D0EDA6DD27FE191A00AC2A9C /* AddDrinkViewController.swift */ = {isa = PBXFileReference; lastKnownFileType = sourcecode.swift; path = AddDrinkViewController.swift; sourceTree = "<group>"; };
		D0F2C8C52853FD850073A8BF /* GoogleService-Info.plist */ = {isa = PBXFileReference; fileEncoding = 4; lastKnownFileType = text.plist.xml; path = "GoogleService-Info.plist"; sourceTree = "<group>"; };
		D0F2C8C72853FED60073A8BF /* LoginViewController.swift */ = {isa = PBXFileReference; lastKnownFileType = sourcecode.swift; path = LoginViewController.swift; sourceTree = "<group>"; };
		D0F2C8C9285429BD0073A8BF /* AVFoundation.framework */ = {isa = PBXFileReference; lastKnownFileType = wrapper.framework; name = AVFoundation.framework; path = System/Library/Frameworks/AVFoundation.framework; sourceTree = SDKROOT; };
		D0F2C8CB285429C80073A8BF /* Photos.framework */ = {isa = PBXFileReference; lastKnownFileType = wrapper.framework; name = Photos.framework; path = System/Library/Frameworks/Photos.framework; sourceTree = SDKROOT; };
		D0F2C8CD28542AF40073A8BF /* AlbumDrinks.swift */ = {isa = PBXFileReference; lastKnownFileType = sourcecode.swift; path = AlbumDrinks.swift; sourceTree = "<group>"; };
/* End PBXFileReference section */

/* Begin PBXFrameworksBuildPhase section */
		D056D15327EFB4D6005B6F16 /* Frameworks */ = {
			isa = PBXFrameworksBuildPhase;
			buildActionMask = 2147483647;
			files = (
				D0EDA6D527FDF59A00AC2A9C /* CoreData.framework in Frameworks */,
				D0F2C8CC285429C90073A8BF /* Photos.framework in Frameworks */,
				D0F2C8C42853FCD00073A8BF /* FirebaseAuth in Frameworks */,
				D0F2C8CA285429BD0073A8BF /* AVFoundation.framework in Frameworks */,
			);
			runOnlyForDeploymentPostprocessing = 0;
		};
/* End PBXFrameworksBuildPhase section */

/* Begin PBXGroup section */
		D056D14D27EFB4D6005B6F16 = {
			isa = PBXGroup;
			children = (
				D056D15827EFB4D6005B6F16 /* erickayalapractica3 */,
				D056D15727EFB4D6005B6F16 /* Products */,
				D0EDA6D327FDF59A00AC2A9C /* Frameworks */,
			);
			sourceTree = "<group>";
		};
		D056D15727EFB4D6005B6F16 /* Products */ = {
			isa = PBXGroup;
			children = (
				D056D15627EFB4D6005B6F16 /* erickayalapractica3.app */,
			);
			name = Products;
			sourceTree = "<group>";
		};
		D056D15827EFB4D6005B6F16 /* erickayalapractica3 */ = {
			isa = PBXGroup;
			children = (
				D0F2C8C52853FD850073A8BF /* GoogleService-Info.plist */,
				D0EDA6D927FDF89800AC2A9C /* Drink+CoreDataClass.swift */,
				D0EDA6DA27FDF89800AC2A9C /* Drink+CoreDataProperties.swift */,
				D056D16F27EFCD81005B6F16 /* DelaGothicOne-Regular.ttf */,
				D056D16D27EFBD6D005B6F16 /* Drinks.plist */,
				D056D15927EFB4D6005B6F16 /* AppDelegate.swift */,
				D056D15B27EFB4D6005B6F16 /* SceneDelegate.swift */,
				D056D15D27EFB4D6005B6F16 /* ViewController.swift */,
				D056D15F27EFB4D6005B6F16 /* Main.storyboard */,
				D056D16227EFB4D8005B6F16 /* Assets.xcassets */,
				D056D16427EFB4D8005B6F16 /* LaunchScreen.storyboard */,
				D056D16727EFB4D8005B6F16 /* Info.plist */,
				D056D17127EFD329005B6F16 /* TableViewController.swift */,
				D0EDA6D627FDF6E600AC2A9C /* erickayalapractica3.xcdatamodeld */,
				D0EDA6DD27FE191A00AC2A9C /* AddDrinkViewController.swift */,
				D0F2C8C72853FED60073A8BF /* LoginViewController.swift */,
				D0F2C8CD28542AF40073A8BF /* AlbumDrinks.swift */,
			);
			path = erickayalapractica3;
			sourceTree = "<group>";
		};
		D0EDA6D327FDF59A00AC2A9C /* Frameworks */ = {
			isa = PBXGroup;
			children = (
				D0F2C8CB285429C80073A8BF /* Photos.framework */,
				D0F2C8C9285429BD0073A8BF /* AVFoundation.framework */,
				D0EDA6D427FDF59A00AC2A9C /* CoreData.framework */,
			);
			name = Frameworks;
			sourceTree = "<group>";
		};
/* End PBXGroup section */

/* Begin PBXNativeTarget section */
		D056D15527EFB4D6005B6F16 /* erickayalapractica3 */ = {
			isa = PBXNativeTarget;
			buildConfigurationList = D056D16A27EFB4D8005B6F16 /* Build configuration list for PBXNativeTarget "erickayalapractica3" */;
			buildPhases = (
				D056D15227EFB4D6005B6F16 /* Sources */,
				D056D15327EFB4D6005B6F16 /* Frameworks */,
				D056D15427EFB4D6005B6F16 /* Resources */,
			);
			buildRules = (
			);
			dependencies = (
			);
			name = erickayalapractica3;
			packageProductDependencies = (
				D0F2C8C32853FCD00073A8BF /* FirebaseAuth */,
			);
			productName = erickayalapractica3;
			productReference = D056D15627EFB4D6005B6F16 /* erickayalapractica3.app */;
			productType = "com.apple.product-type.application";
		};
/* End PBXNativeTarget section */

/* Begin PBXProject section */
		D056D14E27EFB4D6005B6F16 /* Project object */ = {
			isa = PBXProject;
			attributes = {
				BuildIndependentTargetsInParallel = 1;
				LastSwiftUpdateCheck = 1310;
				LastUpgradeCheck = 1310;
				TargetAttributes = {
					D056D15527EFB4D6005B6F16 = {
						CreatedOnToolsVersion = 13.1;
					};
				};
			};
			buildConfigurationList = D056D15127EFB4D6005B6F16 /* Build configuration list for PBXProject "erickayalapractica3" */;
			compatibilityVersion = "Xcode 13.0";
			developmentRegion = en;
			hasScannedForEncodings = 0;
			knownRegions = (
				en,
				Base,
			);
			mainGroup = D056D14D27EFB4D6005B6F16;
			packageReferences = (
				D0F2C8C22853FCD00073A8BF /* XCRemoteSwiftPackageReference "firebase-ios-sdk" */,
			);
			productRefGroup = D056D15727EFB4D6005B6F16 /* Products */;
			projectDirPath = "";
			projectRoot = "";
			targets = (
				D056D15527EFB4D6005B6F16 /* erickayalapractica3 */,
			);
		};
/* End PBXProject section */

/* Begin PBXResourcesBuildPhase section */
		D056D15427EFB4D6005B6F16 /* Resources */ = {
			isa = PBXResourcesBuildPhase;
			buildActionMask = 2147483647;
			files = (
				D0F2C8C62853FD850073A8BF /* GoogleService-Info.plist in Resources */,
				D056D16627EFB4D8005B6F16 /* LaunchScreen.storyboard in Resources */,
				D056D16E27EFBD6D005B6F16 /* Drinks.plist in Resources */,
				D056D16327EFB4D8005B6F16 /* Assets.xcassets in Resources */,
				D056D17027EFCD82005B6F16 /* DelaGothicOne-Regular.ttf in Resources */,
				D056D16127EFB4D6005B6F16 /* Main.storyboard in Resources */,
			);
			runOnlyForDeploymentPostprocessing = 0;
		};
/* End PBXResourcesBuildPhase section */

/* Begin PBXSourcesBuildPhase section */
		D056D15227EFB4D6005B6F16 /* Sources */ = {
			isa = PBXSourcesBuildPhase;
			buildActionMask = 2147483647;
			files = (
				D0F2C8CE28542AF40073A8BF /* AlbumDrinks.swift in Sources */,
				D0F2C8C82853FED60073A8BF /* LoginViewController.swift in Sources */,
				D0EDA6DC27FDF89800AC2A9C /* Drink+CoreDataProperties.swift in Sources */,
				D056D15E27EFB4D6005B6F16 /* ViewController.swift in Sources */,
				D0EDA6D827FDF6E600AC2A9C /* erickayalapractica3.xcdatamodeld in Sources */,
				D0EDA6DB27FDF89800AC2A9C /* Drink+CoreDataClass.swift in Sources */,
				D056D15A27EFB4D6005B6F16 /* AppDelegate.swift in Sources */,
				D056D15C27EFB4D6005B6F16 /* SceneDelegate.swift in Sources */,
				D056D17227EFD32A005B6F16 /* TableViewController.swift in Sources */,
				D0EDA6DE27FE191A00AC2A9C /* AddDrinkViewController.swift in Sources */,
			);
			runOnlyForDeploymentPostprocessing = 0;
		};
/* End PBXSourcesBuildPhase section */

/* Begin PBXVariantGroup section */
		D056D15F27EFB4D6005B6F16 /* Main.storyboard */ = {
			isa = PBXVariantGroup;
			children = (
				D056D16027EFB4D6005B6F16 /* Base */,
			);
			name = Main.storyboard;
			sourceTree = "<group>";
		};
		D056D16427EFB4D8005B6F16 /* LaunchScreen.storyboard */ = {
			isa = PBXVariantGroup;
			children = (
				D056D16527EFB4D8005B6F16 /* Base */,
			);
			name = LaunchScreen.storyboard;
			sourceTree = "<group>";
		};
/* End PBXVariantGroup section */

/* Begin XCBuildConfiguration section */
		D056D16827EFB4D8005B6F16 /* Debug */ = {
			isa = XCBuildConfiguration;
			buildSettings = {
				ALWAYS_SEARCH_USER_PATHS = NO;
				CLANG_ANALYZER_NONNULL = YES;
				CLANG_ANALYZER_NUMBER_OBJECT_CONVERSION = YES_AGGRESSIVE;
				CLANG_CXX_LANGUAGE_STANDARD = "gnu++17";
				CLANG_CXX_LIBRARY = "libc++";
				CLANG_ENABLE_MODULES = YES;
				CLANG_ENABLE_OBJC_ARC = YES;
				CLANG_ENABLE_OBJC_WEAK = YES;
				CLANG_WARN_BLOCK_CAPTURE_AUTORELEASING = YES;
				CLANG_WARN_BOOL_CONVERSION = YES;
				CLANG_WARN_COMMA = YES;
				CLANG_WARN_CONSTANT_CONVERSION = YES;
				CLANG_WARN_DEPRECATED_OBJC_IMPLEMENTATIONS = YES;
				CLANG_WARN_DIRECT_OBJC_ISA_USAGE = YES_ERROR;
				CLANG_WARN_DOCUMENTATION_COMMENTS = YES;
				CLANG_WARN_EMPTY_BODY = YES;
				CLANG_WARN_ENUM_CONVERSION = YES;
				CLANG_WARN_INFINITE_RECURSION = YES;
				CLANG_WARN_INT_CONVERSION = YES;
				CLANG_WARN_NON_LITERAL_NULL_CONVERSION = YES;
				CLANG_WARN_OBJC_IMPLICIT_RETAIN_SELF = YES;
				CLANG_WARN_OBJC_LITERAL_CONVERSION = YES;
				CLANG_WARN_OBJC_ROOT_CLASS = YES_ERROR;
				CLANG_WARN_QUOTED_INCLUDE_IN_FRAMEWORK_HEADER = YES;
				CLANG_WARN_RANGE_LOOP_ANALYSIS = YES;
				CLANG_WARN_STRICT_PROTOTYPES = YES;
				CLANG_WARN_SUSPICIOUS_MOVE = YES;
				CLANG_WARN_UNGUARDED_AVAILABILITY = YES_AGGRESSIVE;
				CLANG_WARN_UNREACHABLE_CODE = YES;
				CLANG_WARN__DUPLICATE_METHOD_MATCH = YES;
				COPY_PHASE_STRIP = NO;
				DEBUG_INFORMATION_FORMAT = dwarf;
				ENABLE_STRICT_OBJC_MSGSEND = YES;
				ENABLE_TESTABILITY = YES;
				GCC_C_LANGUAGE_STANDARD = gnu11;
				GCC_DYNAMIC_NO_PIC = NO;
				GCC_NO_COMMON_BLOCKS = YES;
				GCC_OPTIMIZATION_LEVEL = 0;
				GCC_PREPROCESSOR_DEFINITIONS = (
					"DEBUG=1",
					"$(inherited)",
				);
				GCC_WARN_64_TO_32_BIT_CONVERSION = YES;
				GCC_WARN_ABOUT_RETURN_TYPE = YES_ERROR;
				GCC_WARN_UNDECLARED_SELECTOR = YES;
				GCC_WARN_UNINITIALIZED_AUTOS = YES_AGGRESSIVE;
				GCC_WARN_UNUSED_FUNCTION = YES;
				GCC_WARN_UNUSED_VARIABLE = YES;
				IPHONEOS_DEPLOYMENT_TARGET = 15.0;
				MTL_ENABLE_DEBUG_INFO = INCLUDE_SOURCE;
				MTL_FAST_MATH = YES;
				ONLY_ACTIVE_ARCH = YES;
				SDKROOT = iphoneos;
				SWIFT_ACTIVE_COMPILATION_CONDITIONS = DEBUG;
				SWIFT_OPTIMIZATION_LEVEL = "-Onone";
			};
			name = Debug;
		};
		D056D16927EFB4D8005B6F16 /* Release */ = {
			isa = XCBuildConfiguration;
			buildSettings = {
				ALWAYS_SEARCH_USER_PATHS = NO;
				CLANG_ANALYZER_NONNULL = YES;
				CLANG_ANALYZER_NUMBER_OBJECT_CONVERSION = YES_AGGRESSIVE;
				CLANG_CXX_LANGUAGE_STANDARD = "gnu++17";
				CLANG_CXX_LIBRARY = "libc++";
				CLANG_ENABLE_MODULES = YES;
				CLANG_ENABLE_OBJC_ARC = YES;
				CLANG_ENABLE_OBJC_WEAK = YES;
				CLANG_WARN_BLOCK_CAPTURE_AUTORELEASING = YES;
				CLANG_WARN_BOOL_CONVERSION = YES;
				CLANG_WARN_COMMA = YES;
				CLANG_WARN_CONSTANT_CONVERSION = YES;
				CLANG_WARN_DEPRECATED_OBJC_IMPLEMENTATIONS = YES;
				CLANG_WARN_DIRECT_OBJC_ISA_USAGE = YES_ERROR;
				CLANG_WARN_DOCUMENTATION_COMMENTS = YES;
				CLANG_WARN_EMPTY_BODY = YES;
				CLANG_WARN_ENUM_CONVERSION = YES;
				CLANG_WARN_INFINITE_RECURSION = YES;
				CLANG_WARN_INT_CONVERSION = YES;
				CLANG_WARN_NON_LITERAL_NULL_CONVERSION = YES;
				CLANG_WARN_OBJC_IMPLICIT_RETAIN_SELF = YES;
				CLANG_WARN_OBJC_LITERAL_CONVERSION = YES;
				CLANG_WARN_OBJC_ROOT_CLASS = YES_ERROR;
				CLANG_WARN_QUOTED_INCLUDE_IN_FRAMEWORK_HEADER = YES;
				CLANG_WARN_RANGE_LOOP_ANALYSIS = YES;
				CLANG_WARN_STRICT_PROTOTYPES = YES;
				CLANG_WARN_SUSPICIOUS_MOVE = YES;
				CLANG_WARN_UNGUARDED_AVAILABILITY = YES_AGGRESSIVE;
				CLANG_WARN_UNREACHABLE_CODE = YES;
				CLANG_WARN__DUPLICATE_METHOD_MATCH = YES;
				COPY_PHASE_STRIP = NO;
				DEBUG_INFORMATION_FORMAT = "dwarf-with-dsym";
				ENABLE_NS_ASSERTIONS = NO;
				ENABLE_STRICT_OBJC_MSGSEND = YES;
				GCC_C_LANGUAGE_STANDARD = gnu11;
				GCC_NO_COMMON_BLOCKS = YES;
				GCC_WARN_64_TO_32_BIT_CONVERSION = YES;
				GCC_WARN_ABOUT_RETURN_TYPE = YES_ERROR;
				GCC_WARN_UNDECLARED_SELECTOR = YES;
				GCC_WARN_UNINITIALIZED_AUTOS = YES_AGGRESSIVE;
				GCC_WARN_UNUSED_FUNCTION = YES;
				GCC_WARN_UNUSED_VARIABLE = YES;
				IPHONEOS_DEPLOYMENT_TARGET = 15.0;
				MTL_ENABLE_DEBUG_INFO = NO;
				MTL_FAST_MATH = YES;
				SDKROOT = iphoneos;
				SWIFT_COMPILATION_MODE = wholemodule;
				SWIFT_OPTIMIZATION_LEVEL = "-O";
				VALIDATE_PRODUCT = YES;
			};
			name = Release;
		};
		D056D16B27EFB4D8005B6F16 /* Debug */ = {
			isa = XCBuildConfiguration;
			buildSettings = {
				ASSETCATALOG_COMPILER_APPICON_NAME = AppIcon;
				ASSETCATALOG_COMPILER_GLOBAL_ACCENT_COLOR_NAME = AccentColor;
				CODE_SIGN_STYLE = Automatic;
				CURRENT_PROJECT_VERSION = 1;
				DEVELOPMENT_TEAM = A26BSB4QL6;
				GENERATE_INFOPLIST_FILE = YES;
				INFOPLIST_FILE = erickayalapractica3/Info.plist;
				INFOPLIST_KEY_CFBundleDisplayName = "Drinks App";
				INFOPLIST_KEY_UIApplicationSupportsIndirectInputEvents = YES;
				INFOPLIST_KEY_UILaunchStoryboardName = LaunchScreen;
				INFOPLIST_KEY_UIMainStoryboardFile = Main;
				INFOPLIST_KEY_UISupportedInterfaceOrientations = UIInterfaceOrientationPortrait;
				INFOPLIST_KEY_UISupportedInterfaceOrientations_iPad = "UIInterfaceOrientationPortrait UIInterfaceOrientationPortraitUpsideDown UIInterfaceOrientationLandscapeLeft UIInterfaceOrientationLandscapeRight";
				INFOPLIST_KEY_UISupportedInterfaceOrientations_iPhone = "UIInterfaceOrientationPortrait UIInterfaceOrientationLandscapeLeft UIInterfaceOrientationLandscapeRight";
				LD_RUNPATH_SEARCH_PATHS = (
					"$(inherited)",
					"@executable_path/Frameworks",
				);
				MARKETING_VERSION = 1.0;
				PRODUCT_BUNDLE_IDENTIFIER = com.dev.eraydel.drinks;
				PRODUCT_NAME = "$(TARGET_NAME)";
				SWIFT_EMIT_LOC_STRINGS = YES;
				SWIFT_VERSION = 5.0;
				TARGETED_DEVICE_FAMILY = 1;
			};
			name = Debug;
		};
		D056D16C27EFB4D8005B6F16 /* Release */ = {
			isa = XCBuildConfiguration;
			buildSettings = {
				ASSETCATALOG_COMPILER_APPICON_NAME = AppIcon;
				ASSETCATALOG_COMPILER_GLOBAL_ACCENT_COLOR_NAME = AccentColor;
				CODE_SIGN_STYLE = Automatic;
				CURRENT_PROJECT_VERSION = 1;
				DEVELOPMENT_TEAM = A26BSB4QL6;
				GENERATE_INFOPLIST_FILE = YES;
				INFOPLIST_FILE = erickayalapractica3/Info.plist;
				INFOPLIST_KEY_CFBundleDisplayName = "Drinks App";
				INFOPLIST_KEY_UIApplicationSupportsIndirectInputEvents = YES;
				INFOPLIST_KEY_UILaunchStoryboardName = LaunchScreen;
				INFOPLIST_KEY_UIMainStoryboardFile = Main;
				INFOPLIST_KEY_UISupportedInterfaceOrientations = UIInterfaceOrientationPortrait;
				INFOPLIST_KEY_UISupportedInterfaceOrientations_iPad = "UIInterfaceOrientationPortrait UIInterfaceOrientationPortraitUpsideDown UIInterfaceOrientationLandscapeLeft UIInterfaceOrientationLandscapeRight";
				INFOPLIST_KEY_UISupportedInterfaceOrientations_iPhone = "UIInterfaceOrientationPortrait UIInterfaceOrientationLandscapeLeft UIInterfaceOrientationLandscapeRight";
				LD_RUNPATH_SEARCH_PATHS = (
					"$(inherited)",
					"@executable_path/Frameworks",
				);
				MARKETING_VERSION = 1.0;
				PRODUCT_BUNDLE_IDENTIFIER = com.dev.eraydel.drinks;
				PRODUCT_NAME = "$(TARGET_NAME)";
				SWIFT_EMIT_LOC_STRINGS = YES;
				SWIFT_VERSION = 5.0;
				TARGETED_DEVICE_FAMILY = 1;
			};
			name = Release;
		};
/* End XCBuildConfiguration section */

/* Begin XCConfigurationList section */
		D056D15127EFB4D6005B6F16 /* Build configuration list for PBXProject "erickayalapractica3" */ = {
			isa = XCConfigurationList;
			buildConfigurations = (
				D056D16827EFB4D8005B6F16 /* Debug */,
				D056D16927EFB4D8005B6F16 /* Release */,
			);
			defaultConfigurationIsVisible = 0;
			defaultConfigurationName = Release;
		};
		D056D16A27EFB4D8005B6F16 /* Build configuration list for PBXNativeTarget "erickayalapractica3" */ = {
			isa = XCConfigurationList;
			buildConfigurations = (
				D056D16B27EFB4D8005B6F16 /* Debug */,
				D056D16C27EFB4D8005B6F16 /* Release */,
			);
			defaultConfigurationIsVisible = 0;
			defaultConfigurationName = Release;
		};
/* End XCConfigurationList section */

/* Begin XCRemoteSwiftPackageReference section */
		D0F2C8C22853FCD00073A8BF /* XCRemoteSwiftPackageReference "firebase-ios-sdk" */ = {
			isa = XCRemoteSwiftPackageReference;
			repositoryURL = "https://github.com/firebase/firebase-ios-sdk";
			requirement = {
				branch = master;
				kind = branch;
			};
		};
/* End XCRemoteSwiftPackageReference section */

/* Begin XCSwiftPackageProductDependency section */
		D0F2C8C32853FCD00073A8BF /* FirebaseAuth */ = {
			isa = XCSwiftPackageProductDependency;
			package = D0F2C8C22853FCD00073A8BF /* XCRemoteSwiftPackageReference "firebase-ios-sdk" */;
			productName = FirebaseAuth;
		};
/* End XCSwiftPackageProductDependency section */

/* Begin XCVersionGroup section */
		D0EDA6D627FDF6E600AC2A9C /* erickayalapractica3.xcdatamodeld */ = {
			isa = XCVersionGroup;
			children = (
				D0EDA6D727FDF6E600AC2A9C /* erickayalapractica3.xcdatamodel */,
			);
			currentVersion = D0EDA6D727FDF6E600AC2A9C /* erickayalapractica3.xcdatamodel */;
			path = erickayalapractica3.xcdatamodeld;
			sourceTree = "<group>";
			versionGroupType = wrapper.xcdatamodel;
		};
/* End XCVersionGroup section */
	};
	rootObject = D056D14E27EFB4D6005B6F16 /* Project object */;
}
